
Microsoft Visual Studio Solution File, Format Version 12.00
# Visual Studio Version 16
VisualStudioVersion = 16.0.32901.82
MinimumVisualStudioVersion = 10.0.40219.1
Project("{2150E333-8FDC-42A3-9474-1A3956D46DE8}") = "0 . Apresentaçao 2", "0 . Apresentaçao 2", "{E9046299-B10B-4870-9576-DFD1AFF515A9}"
EndProject
Project("{FAE04EC0-301F-11D3-BF4B-00C04F79EFBC}") = "AR(APIREST).Apresentaçao 2", "AR(APIREST).Apresentaçao 2\AR(APIREST).Apresentaçao 2.csproj", "{CA67DC72-A381-4517-8178-88D9EEFD2A74}"
EndProject
Global
	GlobalSection(SolutionConfigurationPlatforms) = preSolution
		Debug|Any CPU = Debug|Any CPU
		Release|Any CPU = Release|Any CPU
	EndGlobalSection
	GlobalSection(ProjectConfigurationPlatforms) = postSolution
		{CA67DC72-A381-4517-8178-88D9EEFD2A74}.Debug|Any CPU.ActiveCfg = Debug|Any CPU
		{CA67DC72-A381-4517-8178-88D9EEFD2A74}.Debug|Any CPU.Build.0 = Debug|Any CPU
		{CA67DC72-A381-4517-8178-88D9EEFD2A74}.Release|Any CPU.ActiveCfg = Release|Any CPU
		{CA67DC72-A381-4517-8178-88D9EEFD2A74}.Release|Any CPU.Build.0 = Release|Any CPU
	EndGlobalSection
	GlobalSection(SolutionProperties) = preSolution
		HideSolutionNode = FALSE
	EndGlobalSection
	GlobalSection(NestedProjects) = preSolution
		{CA67DC72-A381-4517-8178-88D9EEFD2A74} = {E9046299-B10B-4870-9576-DFD1AFF515A9}
	EndGlobalSection
	GlobalSection(ExtensibilityGlobals) = postSolution
		SolutionGuid = {8C401457-F7D4-48E6-A0A1-AF36A7CBA009}
	EndGlobalSection
EndGlobal
